// !$*UTF8*$!
{
	archiveVersion = 1;
	classes = {
	};
	objectVersion = 77;
	objects = {

/* Begin PBXBuildFile section */
		100000000000000000000001 /* BrowserModel.swift in Sources */ = {isa = PBXBuildFile; fileRef = 100000000000000000000011 /* BrowserModel.swift */; };
		100000000000000000000003 /* CloudBridgeApp.swift in Sources */ = {isa = PBXBuildFile; fileRef = 100000000000000000000013 /* CloudBridgeApp.swift */; };
		100000000000000000000004 /* DownloadState.swift in Sources */ = {isa = PBXBuildFile; fileRef = 100000000000000000000014 /* DownloadState.swift */; };
		100000000000000000000005 /* RemoteItem.swift in Sources */ = {isa = PBXBuildFile; fileRef = 100000000000000000000015 /* RemoteItem.swift */; };
		100000000000000000000006 /* SFTPClient.swift in Sources */ = {isa = PBXBuildFile; fileRef = 100000000000000000000016 /* SFTPClient.swift */; };
		100000000000000000000008 /* ServerProfile.swift in Sources */ = {isa = PBXBuildFile; fileRef = 100000000000000000000018 /* ServerProfile.swift */; };
		300000000000000000000003 /* ProcessRunner.swift in Sources */ = {isa = PBXBuildFile; fileRef = 300000000000000000000004 /* ProcessRunner.swift */; };
		100000000000000000000009 /* Assets.xcassets in Resources */ = {isa = PBXBuildFile; fileRef = 100000000000000000000019 /* Assets.xcassets */; };
		200000000000000000000001 /* ssh-askpass.sh in Resources */ = {isa = PBXBuildFile; fileRef = 200000000000000000000002 /* ssh-askpass.sh */; };
		400000000000000000000001 /* ProcessRunnerTests.swift in Sources */ = {isa = PBXBuildFile; fileRef = 400000000000000000000002 /* ProcessRunnerTests.swift */; };
		500000000000000000000001 /* Workspace.swift in Sources */ = {isa = PBXBuildFile; fileRef = 500000000000000000000011 /* Workspace.swift */; };
		500000000000000000000002 /* AppLanguage.swift in Sources */ = {isa = PBXBuildFile; fileRef = 500000000000000000000012 /* AppLanguage.swift */; };
		600000000000000000000003 /* MainView.swift in Sources */ = {isa = PBXBuildFile; fileRef = 600000000000000000000004 /* MainView.swift */; };
		700000000000000000000001 /* PrivacyInfo.xcprivacy in Resources */ = {isa = PBXBuildFile; fileRef = 700000000000000000000002 /* PrivacyInfo.xcprivacy */; };
		800000000000000000000001 /* ServerPasswordStore.swift in Sources */ = {isa = PBXBuildFile; fileRef = 800000000000000000000002 /* ServerPasswordStore.swift */; };
		800000000000000000000003 /* FileTypeIconResolver.swift in Sources */ = {isa = PBXBuildFile; fileRef = 800000000000000000000004 /* FileTypeIconResolver.swift */; };
/* End PBXBuildFile section */

/* Begin PBXContainerItemProxy section */
		400000000000000000000003 /* PBXContainerItemProxy */ = {
			isa = PBXContainerItemProxy;
			containerPortal = 100000000000000000000031 /* Project object */;
			proxyType = 1;
			remoteGlobalIDString = 100000000000000000000026;
			remoteInfo = CloudBridge;
		};
/* End PBXContainerItemProxy section */

/* Begin PBXFileReference section */
		400000000000000000000002 /* ProcessRunnerTests.swift */ = {isa = PBXFileReference; lastKnownFileType = sourcecode.swift; path = ProcessRunnerTests.swift; sourceTree = "<group>"; };
		400000000000000000000004 /* CloudBridgeTests.xctest */ = {isa = PBXFileReference; explicitFileType = wrapper.cfbundle; includeInIndex = 0; path = CloudBridgeTests.xctest; sourceTree = BUILT_PRODUCTS_DIR; };
		100000000000000000000010 /* CloudBridge.app */ = {isa = PBXFileReference; explicitFileType = wrapper.application; includeInIndex = 0; path = CloudBridge.app; sourceTree = BUILT_PRODUCTS_DIR; };
		100000000000000000000011 /* BrowserModel.swift */ = {isa = PBXFileReference; lastKnownFileType = sourcecode.swift; path = BrowserModel.swift; sourceTree = "<group>"; };
		100000000000000000000013 /* CloudBridgeApp.swift */ = {isa = PBXFileReference; lastKnownFileType = sourcecode.swift; path = CloudBridgeApp.swift; sourceTree = "<group>"; };
		100000000000000000000014 /* DownloadState.swift */ = {isa = PBXFileReference; lastKnownFileType = sourcecode.swift; path = DownloadState.swift; sourceTree = "<group>"; };
		100000000000000000000015 /* RemoteItem.swift */ = {isa = PBXFileReference; lastKnownFileType = sourcecode.swift; path = RemoteItem.swift; sourceTree = "<group>"; };
		100000000000000000000016 /* SFTPClient.swift */ = {isa = PBXFileReference; lastKnownFileType = sourcecode.swift; path = SFTPClient.swift; sourceTree = "<group>"; };
		100000000000000000000018 /* ServerProfile.swift */ = {isa = PBXFileReference; lastKnownFileType = sourcecode.swift; path = ServerProfile.swift; sourceTree = "<group>"; };
		100000000000000000000019 /* Assets.xcassets */ = {isa = PBXFileReference; lastKnownFileType = folder.assetcatalog; path = Assets.xcassets; sourceTree = "<group>"; };
		300000000000000000000004 /* ProcessRunner.swift */ = {isa = PBXFileReference; lastKnownFileType = sourcecode.swift; path = ProcessRunner.swift; sourceTree = "<group>"; };
		100000000000000000000020 /* CloudBridge.entitlements */ = {isa = PBXFileReference; lastKnownFileType = text.plist.entitlements; path = CloudBridge.entitlements; sourceTree = "<group>"; };
		200000000000000000000002 /* ssh-askpass.sh */ = {isa = PBXFileReference; lastKnownFileType = text.script.sh; path = Resources/ssh-askpass.sh; sourceTree = "<group>"; };
		500000000000000000000011 /* Workspace.swift */ = {isa = PBXFileReference; lastKnownFileType = sourcecode.swift; path = Workspace.swift; sourceTree = "<group>"; };
		500000000000000000000012 /* AppLanguage.swift */ = {isa = PBXFileReference; lastKnownFileType = sourcecode.swift; path = AppLanguage.swift; sourceTree = "<group>"; };
		600000000000000000000004 /* MainView.swift */ = {isa = PBXFileReference; lastKnownFileType = sourcecode.swift; path = MainView.swift; sourceTree = "<group>"; };
		700000000000000000000002 /* PrivacyInfo.xcprivacy */ = {isa = PBXFileReference; lastKnownFileType = text.xml; path = PrivacyInfo.xcprivacy; sourceTree = "<group>"; };
		800000000000000000000002 /* ServerPasswordStore.swift */ = {isa = PBXFileReference; lastKnownFileType = sourcecode.swift; path = ServerPasswordStore.swift; sourceTree = "<group>"; };
		800000000000000000000004 /* FileTypeIconResolver.swift */ = {isa = PBXFileReference; lastKnownFileType = sourcecode.swift; path = FileTypeIconResolver.swift; sourceTree = "<group>"; };
/* End PBXFileReference section */

/* Begin PBXTargetDependency section */
		400000000000000000000010 /* PBXTargetDependency */ = {
			isa = PBXTargetDependency;
			target = 100000000000000000000026 /* CloudBridge */;
			targetProxy = 400000000000000000000003 /* PBXContainerItemProxy */;
		};
/* End PBXTargetDependency section */

/* Begin PBXSourcesBuildPhase section */
		400000000000000000000008 /* Sources */ = {
			isa = PBXSourcesBuildPhase;
			buildActionMask = 2147483647;
			files = (
				400000000000000000000001 /* ProcessRunnerTests.swift in Sources */,
			);
			runOnlyForDeploymentPostprocessing = 0;
		};
/* End PBXSourcesBuildPhase section */

/* Begin PBXFrameworksBuildPhase section */
		400000000000000000000009 /* Frameworks */ = {
			isa = PBXFrameworksBuildPhase;
			buildActionMask = 2147483647;
			files = (
			);
			runOnlyForDeploymentPostprocessing = 0;
		};
/* End PBXFrameworksBuildPhase section */

/* Begin XCBuildConfiguration section */
		400000000000000000000011 /* Tests Debug */ = {
			isa = XCBuildConfiguration;
			buildSettings = {
				BUNDLE_LOADER = "$(TEST_HOST)";
				CLANG_ENABLE_MODULES = YES;
				CODE_SIGN_STYLE = Automatic;
				CURRENT_PROJECT_VERSION = 19;
				DEVELOPMENT_TEAM = U9UPA9QQ7Y;
				GENERATE_INFOPLIST_FILE = YES;
				MACOSX_DEPLOYMENT_TARGET = 14.0;
				PRODUCT_BUNDLE_IDENTIFIER = com.dazhang.CloudBridgeTests;
				PRODUCT_NAME = "$(TARGET_NAME)";
				SDKROOT = macosx;
				SUPPORTED_PLATFORMS = macosx;
				SWIFT_VERSION = 6.0;
				TEST_HOST = "$(BUILT_PRODUCTS_DIR)/CloudBridge.app/Contents/MacOS/CloudBridge";
			};
			name = Debug;
		};
		400000000000000000000012 /* Tests Release */ = {
			isa = XCBuildConfiguration;
			buildSettings = {
				BUNDLE_LOADER = "$(TEST_HOST)";
				CLANG_ENABLE_MODULES = YES;
				CODE_SIGN_STYLE = Automatic;
				CURRENT_PROJECT_VERSION = 19;
				DEVELOPMENT_TEAM = U9UPA9QQ7Y;
				GENERATE_INFOPLIST_FILE = YES;
				MACOSX_DEPLOYMENT_TARGET = 14.0;
				PRODUCT_BUNDLE_IDENTIFIER = com.dazhang.CloudBridgeTests;
				PRODUCT_NAME = "$(TARGET_NAME)";
				SDKROOT = macosx;
				SUPPORTED_PLATFORMS = macosx;
				SWIFT_VERSION = 6.0;
				TEST_HOST = "$(BUILT_PRODUCTS_DIR)/CloudBridge.app/Contents/MacOS/CloudBridge";
			};
			name = Release;
		};
/* End XCBuildConfiguration section */

/* Begin XCConfigurationList section */
		400000000000000000000007 /* Build configuration list for PBXNativeTarget "CloudBridgeTests" */ = {
			isa = XCConfigurationList;
			buildConfigurations = (
				400000000000000000000011 /* Tests Debug */,
				400000000000000000000012 /* Tests Release */,
			);
			defaultConfigurationIsVisible = 0;
			defaultConfigurationName = Release;
		};
/* End XCConfigurationList section */

/* Begin PBXGroup section */
		100000000000000000000021 = {
			isa = PBXGroup;
			children = (
				100000000000000000000022 /* Sources */,
				100000000000000000000023 /* Assets */,
				100000000000000000000020 /* CloudBridge.entitlements */,
				700000000000000000000002 /* PrivacyInfo.xcprivacy */,
				200000000000000000000002 /* ssh-askpass.sh */,
				400000000000000000000005 /* Tests */,
				100000000000000000000024 /* Products */,
			);
			sourceTree = "<group>";
		};
		100000000000000000000022 /* Sources */ = {
			isa = PBXGroup;
			children = (
				100000000000000000000025 /* CloudBridge */,
			);
			path = Sources;
			sourceTree = "<group>";
		};
		100000000000000000000025 /* CloudBridge */ = {
			isa = PBXGroup;
			children = (
				100000000000000000000011 /* BrowserModel.swift */,
				500000000000000000000011 /* Workspace.swift */,
				500000000000000000000012 /* AppLanguage.swift */,
				600000000000000000000004 /* MainView.swift */,
				100000000000000000000013 /* CloudBridgeApp.swift */,
				100000000000000000000014 /* DownloadState.swift */,
				100000000000000000000015 /* RemoteItem.swift */,
				100000000000000000000016 /* SFTPClient.swift */,
				100000000000000000000018 /* ServerProfile.swift */,
				300000000000000000000004 /* ProcessRunner.swift */,
				800000000000000000000002 /* ServerPasswordStore.swift */,
				800000000000000000000004 /* FileTypeIconResolver.swift */,
			);
			path = CloudBridge;
			sourceTree = "<group>";
		};
		100000000000000000000023 /* Assets */ = {
			isa = PBXGroup;
			children = (
				100000000000000000000019 /* Assets.xcassets */,
			);
			path = Assets;
			sourceTree = "<group>";
		};
		100000000000000000000024 /* Products */ = {
			isa = PBXGroup;
			children = (
				100000000000000000000010 /* CloudBridge.app */,
				400000000000000000000004 /* CloudBridgeTests.xctest */,
			);
			name = Products;
			sourceTree = "<group>";
		};
		400000000000000000000005 /* Tests */ = {
			isa = PBXGroup;
			children = (
				400000000000000000000002 /* ProcessRunnerTests.swift */,
			);
			path = Tests/CloudBridgeTests;
			sourceTree = "<group>";
		};
/* End PBXGroup section */

/* Begin PBXNativeTarget section */
		100000000000000000000026 /* CloudBridge */ = {
			isa = PBXNativeTarget;
			buildConfigurationList = 100000000000000000000027 /* Build configuration list for PBXNativeTarget "CloudBridge" */;
			buildPhases = (
				100000000000000000000028 /* Sources */,
				100000000000000000000029 /* Frameworks */,
				100000000000000000000030 /* Resources */,
				300000000000000000000005 /* Copy localization bundles */,
			);
			buildRules = (
			);
			dependencies = (
			);
			name = CloudBridge;
			productName = CloudBridge;
			productReference = 100000000000000000000010 /* CloudBridge.app */;
			productType = "com.apple.product-type.application";
		};
		400000000000000000000006 /* CloudBridgeTests */ = {
			isa = PBXNativeTarget;
			buildConfigurationList = 400000000000000000000007 /* Build configuration list for PBXNativeTarget "CloudBridgeTests" */;
			buildPhases = (
				400000000000000000000008 /* Sources */,
				400000000000000000000009 /* Frameworks */,
			);
			buildRules = (
			);
			dependencies = (
				400000000000000000000010 /* PBXTargetDependency */,
			);
			name = CloudBridgeTests;
			productName = CloudBridgeTests;
			productReference = 400000000000000000000004 /* CloudBridgeTests.xctest */;
			productType = "com.apple.product-type.bundle.unit-test";
		};
/* End PBXNativeTarget section */

/* Begin PBXShellScriptBuildPhase section */
		300000000000000000000005 /* Copy localization bundles */ = {
			isa = PBXShellScriptBuildPhase;
			alwaysOutOfDate = 1;
			buildActionMask = 2147483647;
			files = (
			);
			inputPaths = (
			);
			name = "Copy localization bundles";
			outputPaths = (
			);
			runOnlyForDeploymentPostprocessing = 0;
			shellPath = /bin/sh;
			shellScript = "mkdir -p \"${TARGET_BUILD_DIR}/${UNLOCALIZED_RESOURCES_FOLDER_PATH}\"\ncp -R \"${SRCROOT}/Resources/\"*.lproj \"${TARGET_BUILD_DIR}/${UNLOCALIZED_RESOURCES_FOLDER_PATH}/\"\nchmod 755 \"${TARGET_BUILD_DIR}/${UNLOCALIZED_RESOURCES_FOLDER_PATH}/ssh-askpass.sh\"\ntest -x \"${TARGET_BUILD_DIR}/${UNLOCALIZED_RESOURCES_FOLDER_PATH}/ssh-askpass.sh\"\n";
		};
/* End PBXShellScriptBuildPhase section */

/* Begin PBXProject section */
		100000000000000000000031 /* Project object */ = {
			isa = PBXProject;
			attributes = {
				BuildIndependentTargetsInParallel = 1;
				LastSwiftUpdateCheck = 2660;
				LastUpgradeCheck = 2660;
				TargetAttributes = {
					100000000000000000000026 = {
						CreatedOnToolsVersion = 26.6;
					};
					400000000000000000000006 = {
						CreatedOnToolsVersion = 26.6;
						TestTargetID = 100000000000000000000026;
					};
				};
			};
			buildConfigurationList = 100000000000000000000032 /* Build configuration list for PBXProject "CloudBridge" */;
			developmentRegion = en;
			hasScannedForEncodings = 0;
			knownRegions = (
				en,
				Base,
			);
			mainGroup = 100000000000000000000021;
			minimizedProjectReferenceProxies = 1;
			preferredProjectObjectVersion = 77;
			productRefGroup = 100000000000000000000024 /* Products */;
			projectDirPath = "";
			projectRoot = "";
			targets = (
				100000000000000000000026 /* CloudBridge */,
				400000000000000000000006 /* CloudBridgeTests */,
			);
		};
/* End PBXProject section */

/* Begin PBXResourcesBuildPhase section */
		100000000000000000000030 /* Resources */ = {
			isa = PBXResourcesBuildPhase;
			buildActionMask = 2147483647;
			files = (
				100000000000000000000009 /* Assets.xcassets in Resources */,
				200000000000000000000001 /* ssh-askpass.sh in Resources */,
				700000000000000000000001 /* PrivacyInfo.xcprivacy in Resources */,
			);
			runOnlyForDeploymentPostprocessing = 0;
		};
/* End PBXResourcesBuildPhase section */

/* Begin PBXFrameworksBuildPhase section */
		100000000000000000000029 /* Frameworks */ = {
			isa = PBXFrameworksBuildPhase;
			buildActionMask = 2147483647;
			files = (
			);
			runOnlyForDeploymentPostprocessing = 0;
		};
/* End PBXFrameworksBuildPhase section */

/* Begin PBXSourcesBuildPhase section */
		100000000000000000000028 /* Sources */ = {
			isa = PBXSourcesBuildPhase;
			buildActionMask = 2147483647;
			files = (
				100000000000000000000001 /* BrowserModel.swift in Sources */,
				500000000000000000000001 /* Workspace.swift in Sources */,
				500000000000000000000002 /* AppLanguage.swift in Sources */,
				600000000000000000000003 /* MainView.swift in Sources */,
				100000000000000000000003 /* CloudBridgeApp.swift in Sources */,
				100000000000000000000004 /* DownloadState.swift in Sources */,
				100000000000000000000005 /* RemoteItem.swift in Sources */,
				100000000000000000000006 /* SFTPClient.swift in Sources */,
				100000000000000000000008 /* ServerProfile.swift in Sources */,
				300000000000000000000003 /* ProcessRunner.swift in Sources */,
				800000000000000000000001 /* ServerPasswordStore.swift in Sources */,
				800000000000000000000003 /* FileTypeIconResolver.swift in Sources */,
			);
			runOnlyForDeploymentPostprocessing = 0;
		};
/* End PBXSourcesBuildPhase section */

/* Begin XCBuildConfiguration section */
		100000000000000000000033 /* Debug */ = {
			isa = XCBuildConfiguration;
			buildSettings = {
				ALWAYS_SEARCH_USER_PATHS = NO;
				CLANG_ANALYZER_NONNULL = YES;
				CLANG_ANALYZER_NUMBER_OBJECT_CONVERSION = YES_AGGRESSIVE;
				CLANG_CXX_LANGUAGE_STANDARD = "gnu++20";
				CLANG_ENABLE_MODULES = YES;
				CLANG_ENABLE_OBJC_ARC = YES;
				CLANG_ENABLE_OBJC_WEAK = YES;
				CLANG_WARN_BLOCK_CAPTURE_AUTORELEASING = YES;
				CLANG_WARN_BOOL_CONVERSION = YES;
				CLANG_WARN_COMMA = YES;
				CLANG_WARN_CONSTANT_CONVERSION = YES;
				CLANG_WARN_DEPRECATED_OBJC_IMPLEMENTATIONS = YES;
				CLANG_WARN_DIRECT_OBJC_ISA_USAGE = YES_ERROR;
				CLANG_WARN_DOCUMENTATION_COMMENTS = YES;
				CLANG_WARN_EMPTY_BODY = YES;
				CLANG_WARN_ENUM_CONVERSION = YES;
				CLANG_WARN_INFINITE_RECURSION = YES;
				CLANG_WARN_INT_CONVERSION = YES;
				CLANG_WARN_NON_LITERAL_NULL_CONVERSION = YES;
				CLANG_WARN_OBJC_IMPLICIT_RETAIN_SELF = YES;
				CLANG_WARN_OBJC_LITERAL_CONVERSION = YES;
				CLANG_WARN_OBJC_ROOT_CLASS = YES_ERROR;
				CLANG_WARN_QUOTED_INCLUDE_IN_FRAMEWORK_HEADER = YES;
				CLANG_WARN_RANGE_LOOP_ANALYSIS = YES;
				CLANG_WARN_STRICT_PROTOTYPES = YES;
				CLANG_WARN_SUSPICIOUS_MOVE = YES;
				CLANG_WARN_UNGUARDED_AVAILABILITY = YES_AGGRESSIVE;
				CLANG_WARN_UNREACHABLE_CODE = YES;
				CLANG_WARN__DUPLICATE_METHOD_MATCH = YES;
				COPY_PHASE_STRIP = NO;
				DEBUG_INFORMATION_FORMAT = dwarf;
				ENABLE_STRICT_OBJC_MSGSEND = YES;
				ENABLE_TESTABILITY = YES;
				GCC_C_LANGUAGE_STANDARD = gnu17;
				GCC_DYNAMIC_NO_PIC = NO;
				GCC_NO_COMMON_BLOCKS = YES;
				GCC_OPTIMIZATION_LEVEL = 0;
				GCC_PREPROCESSOR_DEFINITIONS = (
					"DEBUG=1",
					"$(inherited)",
				);
				GCC_WARN_64_TO_32_BIT_CONVERSION = YES;
				GCC_WARN_ABOUT_RETURN_TYPE = YES_ERROR;
				GCC_WARN_UNDECLARED_SELECTOR = YES;
				GCC_WARN_UNINITIALIZED_AUTOS = YES_AGGRESSIVE;
				GCC_WARN_UNUSED_FUNCTION = YES;
				GCC_WARN_UNUSED_VARIABLE = YES;
				MACOSX_DEPLOYMENT_TARGET = 14.0;
				MTL_ENABLE_DEBUG_INFO = INCLUDE_SOURCE;
				MTL_FAST_MATH = YES;
				ONLY_ACTIVE_ARCH = YES;
				SDKROOT = macosx;
				SWIFT_ACTIVE_COMPILATION_CONDITIONS = "DEBUG $(inherited)";
				SWIFT_OPTIMIZATION_LEVEL = "-Onone";
			};
			name = Debug;
		};
		100000000000000000000034 /* Release */ = {
			isa = XCBuildConfiguration;
			buildSettings = {
				ALWAYS_SEARCH_USER_PATHS = NO;
				CLANG_ANALYZER_NONNULL = YES;
				CLANG_ANALYZER_NUMBER_OBJECT_CONVERSION = YES_AGGRESSIVE;
				CLANG_CXX_LANGUAGE_STANDARD = "gnu++20";
				CLANG_ENABLE_MODULES = YES;
				CLANG_ENABLE_OBJC_ARC = YES;
				CLANG_ENABLE_OBJC_WEAK = YES;
				CLANG_WARN_BLOCK_CAPTURE_AUTORELEASING = YES;
				CLANG_WARN_BOOL_CONVERSION = YES;
				CLANG_WARN_COMMA = YES;
				CLANG_WARN_CONSTANT_CONVERSION = YES;
				CLANG_WARN_DEPRECATED_OBJC_IMPLEMENTATIONS = YES;
				CLANG_WARN_DIRECT_OBJC_ISA_USAGE = YES_ERROR;
				CLANG_WARN_DOCUMENTATION_COMMENTS = YES;
				CLANG_WARN_EMPTY_BODY = YES;
				CLANG_WARN_ENUM_CONVERSION = YES;
				CLANG_WARN_INFINITE_RECURSION = YES;
				CLANG_WARN_INT_CONVERSION = YES;
				CLANG_WARN_NON_LITERAL_NULL_CONVERSION = YES;
				CLANG_WARN_OBJC_IMPLICIT_RETAIN_SELF = YES;
				CLANG_WARN_OBJC_LITERAL_CONVERSION = YES;
				CLANG_WARN_OBJC_ROOT_CLASS = YES_ERROR;
				CLANG_WARN_QUOTED_INCLUDE_IN_FRAMEWORK_HEADER = YES;
				CLANG_WARN_RANGE_LOOP_ANALYSIS = YES;
				CLANG_WARN_STRICT_PROTOTYPES = YES;
				CLANG_WARN_SUSPICIOUS_MOVE = YES;
				CLANG_WARN_UNGUARDED_AVAILABILITY = YES_AGGRESSIVE;
				CLANG_WARN_UNREACHABLE_CODE = YES;
				CLANG_WARN__DUPLICATE_METHOD_MATCH = YES;
				COPY_PHASE_STRIP = NO;
				DEBUG_INFORMATION_FORMAT = "dwarf-with-dsym";
				ENABLE_NS_ASSERTIONS = NO;
				ENABLE_STRICT_OBJC_MSGSEND = YES;
				GCC_C_LANGUAGE_STANDARD = gnu17;
				GCC_NO_COMMON_BLOCKS = YES;
				GCC_WARN_64_TO_32_BIT_CONVERSION = YES;
				GCC_WARN_ABOUT_RETURN_TYPE = YES_ERROR;
				GCC_WARN_UNDECLARED_SELECTOR = YES;
				GCC_WARN_UNINITIALIZED_AUTOS = YES_AGGRESSIVE;
				GCC_WARN_UNUSED_FUNCTION = YES;
				GCC_WARN_UNUSED_VARIABLE = YES;
				MACOSX_DEPLOYMENT_TARGET = 14.0;
				MTL_ENABLE_DEBUG_INFO = NO;
				MTL_FAST_MATH = YES;
				SDKROOT = macosx;
				SWIFT_COMPILATION_MODE = wholemodule;
			};
			name = Release;
		};
		100000000000000000000035 /* Debug */ = {
			isa = XCBuildConfiguration;
			buildSettings = {
				ASSETCATALOG_COMPILER_APPICON_NAME = AppIcon;
				CODE_SIGN_ENTITLEMENTS = CloudBridge.entitlements;
				CODE_SIGN_STYLE = Automatic;
				COMBINE_HIDPI_IMAGES = YES;
				CURRENT_PROJECT_VERSION = 19;
				DEVELOPMENT_TEAM = U9UPA9QQ7Y;
				ENABLE_HARDENED_RUNTIME = YES;
				ENABLE_APP_SANDBOX = YES;
				GENERATE_INFOPLIST_FILE = YES;
				INFOPLIST_KEY_CFBundleDisplayName = "CloudBridge: SFTP Transfer";
				INFOPLIST_KEY_ITSAppUsesNonExemptEncryption = NO;
				INFOPLIST_KEY_LSApplicationCategoryType = "public.app-category.developer-tools";
				INFOPLIST_KEY_NSLocalNetworkUsageDescription = "CloudBridge uses your local network only when you connect to an SSH/SFTP server on your local network.";
				INFOPLIST_KEY_NSHumanReadableCopyright = "Copyright © 2026 CloudBridge. All rights reserved.";
				LD_RUNPATH_SEARCH_PATHS = (
					"$(inherited)",
					"@executable_path/../Frameworks",
				);
				MARKETING_VERSION = 1.0;
				PRODUCT_BUNDLE_IDENTIFIER = com.dazhang.CloudBridge;
				PRODUCT_NAME = "$(TARGET_NAME)";
				SWIFT_EMIT_LOC_STRINGS = YES;
				SWIFT_VERSION = 6.0;
			};
			name = Debug;
		};
		100000000000000000000036 /* Release */ = {
			isa = XCBuildConfiguration;
			buildSettings = {
				ASSETCATALOG_COMPILER_APPICON_NAME = AppIcon;
				CODE_SIGN_ENTITLEMENTS = CloudBridge.entitlements;
				CODE_SIGN_STYLE = Automatic;
				COMBINE_HIDPI_IMAGES = YES;
				CURRENT_PROJECT_VERSION = 19;
				DEVELOPMENT_TEAM = U9UPA9QQ7Y;
				ENABLE_HARDENED_RUNTIME = YES;
				ENABLE_APP_SANDBOX = YES;
				GENERATE_INFOPLIST_FILE = YES;
				INFOPLIST_KEY_CFBundleDisplayName = "CloudBridge: SFTP Transfer";
				INFOPLIST_KEY_ITSAppUsesNonExemptEncryption = NO;
				INFOPLIST_KEY_LSApplicationCategoryType = "public.app-category.developer-tools";
				INFOPLIST_KEY_NSLocalNetworkUsageDescription = "CloudBridge uses your local network only when you connect to an SSH/SFTP server on your local network.";
				INFOPLIST_KEY_NSHumanReadableCopyright = "Copyright © 2026 CloudBridge. All rights reserved.";
				LD_RUNPATH_SEARCH_PATHS = (
					"$(inherited)",
					"@executable_path/../Frameworks",
				);
				MARKETING_VERSION = 1.0;
				PRODUCT_BUNDLE_IDENTIFIER = com.dazhang.CloudBridge;
				PRODUCT_NAME = "$(TARGET_NAME)";
				SWIFT_EMIT_LOC_STRINGS = YES;
				SWIFT_VERSION = 6.0;
			};
			name = Release;
		};
/* End XCBuildConfiguration section */

/* Begin XCConfigurationList section */
		100000000000000000000032 /* Build configuration list for PBXProject "CloudBridge" */ = {
			isa = XCConfigurationList;
			buildConfigurations = (
				100000000000000000000033 /* Debug */,
				100000000000000000000034 /* Release */,
			);
			defaultConfigurationIsVisible = 0;
			defaultConfigurationName = Release;
		};
		100000000000000000000027 /* Build configuration list for PBXNativeTarget "CloudBridge" */ = {
			isa = XCConfigurationList;
			buildConfigurations = (
				100000000000000000000035 /* Debug */,
				100000000000000000000036 /* Release */,
			);
			defaultConfigurationIsVisible = 0;
			defaultConfigurationName = Release;
		};
/* End XCConfigurationList section */
	};
	rootObject = 100000000000000000000031 /* Project object */;
}
